
Microsoft Visual Studio Solution File, Format Version 12.00
# Visual Studio Version 16
VisualStudioVersion = 16.0.29503.13
MinimumVisualStudioVersion = 10.0.40219.1
Project("{9A19103F-16F7-4668-BE54-9A1E7A4F7556}") = "ShellTemperature", "ShellTemperature\ShellTemperature.csproj", "{C02EC2D1-EF8E-46BF-B8B9-043E4AB17853}"
EndProject
Project("{9A19103F-16F7-4668-BE54-9A1E7A4F7556}") = "ShellTemperature.Models", "ShellTemperature.Models\ShellTemperature.Models.csproj", "{4D04C7A0-FCD8-4B96-9E45-2809752FA2E2}"
EndProject
Project("{9A19103F-16F7-4668-BE54-9A1E7A4F7556}") = "ShellTemperature.ViewModels", "ShellTemperature.ViewModels\ShellTemperature.ViewModels.csproj", "{DD3A1659-867C-45EF-881D-0E0BB0CC037B}"
EndProject
Project("{9A19103F-16F7-4668-BE54-9A1E7A4F7556}") = "ShellTemperature.Tests", "ShellTemperature.Tests\ShellTemperature.Tests.csproj", "{F0130D81-5E34-4C98-82C1-9BC1A162D058}"
EndProject
Project("{9A19103F-16F7-4668-BE54-9A1E7A4F7556}") = "Behaviours", "Behaviours\Behaviours.csproj", "{710D65C3-29FF-4C22-A970-A4C9EF58319B}"
EndProject
Project("{9A19103F-16F7-4668-BE54-9A1E7A4F7556}") = "ShellTemperature.Repository", "ShellTemperature.Repository\ShellTemperature.Repository.csproj", "{33FFF9CF-C757-4496-941A-DDDCC69FA1C4}"
EndProject
Project("{9A19103F-16F7-4668-BE54-9A1E7A4F7556}") = "BluetoothService", "BluetoothService.cs\BluetoothService.csproj", "{1262BA03-AC21-4DE2-BC26-33BD59FDB7B3}"
EndProject
Project("{9A19103F-16F7-4668-BE54-9A1E7A4F7556}") = "CustomDialog", "CustomDialog\CustomDialog.csproj", "{B4724970-A0A6-4151-A8D6-A041F992C091}"
EndProject
Project("{9A19103F-16F7-4668-BE54-9A1E7A4F7556}") = "ExcelDataWriter", "ExcelDataWriter\ExcelDataWriter.csproj", "{D2F583A3-2599-4210-98B7-32DA0246BEFB}"
EndProject
Project("{9A19103F-16F7-4668-BE54-9A1E7A4F7556}") = "ShellTemperature.Data", "ShellTemperature.Data\ShellTemperature.Data.csproj", "{11D48C2F-7158-48E6-B83D-5C98EBE17534}"
EndProject
Project("{9A19103F-16F7-4668-BE54-9A1E7A4F7556}") = "ShellTemperature.Service", "ShellTemperature.Service\ShellTemperature.Service.csproj", "{AD68BC51-E571-4614-B160-F95F22A1E0A2}"
EndProject
Global
	GlobalSection(SolutionConfigurationPlatforms) = preSolution
		Debug|Any CPU = Debug|Any CPU
		Release|Any CPU = Release|Any CPU
	EndGlobalSection
	GlobalSection(ProjectConfigurationPlatforms) = postSolution
		{C02EC2D1-EF8E-46BF-B8B9-043E4AB17853}.Debug|Any CPU.ActiveCfg = Debug|Any CPU
		{C02EC2D1-EF8E-46BF-B8B9-043E4AB17853}.Debug|Any CPU.Build.0 = Debug|Any CPU
		{C02EC2D1-EF8E-46BF-B8B9-043E4AB17853}.Release|Any CPU.ActiveCfg = Release|Any CPU
		{C02EC2D1-EF8E-46BF-B8B9-043E4AB17853}.Release|Any CPU.Build.0 = Release|Any CPU
		{4D04C7A0-FCD8-4B96-9E45-2809752FA2E2}.Debug|Any CPU.ActiveCfg = Debug|Any CPU
		{4D04C7A0-FCD8-4B96-9E45-2809752FA2E2}.Debug|Any CPU.Build.0 = Debug|Any CPU
		{4D04C7A0-FCD8-4B96-9E45-2809752FA2E2}.Release|Any CPU.ActiveCfg = Release|Any CPU
		{4D04C7A0-FCD8-4B96-9E45-2809752FA2E2}.Release|Any CPU.Build.0 = Release|Any CPU
		{DD3A1659-867C-45EF-881D-0E0BB0CC037B}.Debug|Any CPU.ActiveCfg = Debug|Any CPU
		{DD3A1659-867C-45EF-881D-0E0BB0CC037B}.Debug|Any CPU.Build.0 = Debug|Any CPU
		{DD3A1659-867C-45EF-881D-0E0BB0CC037B}.Release|Any CPU.ActiveCfg = Release|Any CPU
		{DD3A1659-867C-45EF-881D-0E0BB0CC037B}.Release|Any CPU.Build.0 = Release|Any CPU
		{F0130D81-5E34-4C98-82C1-9BC1A162D058}.Debug|Any CPU.ActiveCfg = Debug|Any CPU
		{F0130D81-5E34-4C98-82C1-9BC1A162D058}.Debug|Any CPU.Build.0 = Debug|Any CPU
		{F0130D81-5E34-4C98-82C1-9BC1A162D058}.Release|Any CPU.ActiveCfg = Release|Any CPU
		{F0130D81-5E34-4C98-82C1-9BC1A162D058}.Release|Any CPU.Build.0 = Release|Any CPU
		{710D65C3-29FF-4C22-A970-A4C9EF58319B}.Debug|Any CPU.ActiveCfg = Debug|Any CPU
		{710D65C3-29FF-4C22-A970-A4C9EF58319B}.Debug|Any CPU.Build.0 = Debug|Any CPU
		{710D65C3-29FF-4C22-A970-A4C9EF58319B}.Release|Any CPU.ActiveCfg = Release|Any CPU
		{710D65C3-29FF-4C22-A970-A4C9EF58319B}.Release|Any CPU.Build.0 = Release|Any CPU
		{33FFF9CF-C757-4496-941A-DDDCC69FA1C4}.Debug|Any CPU.ActiveCfg = Debug|Any CPU
		{33FFF9CF-C757-4496-941A-DDDCC69FA1C4}.Debug|Any CPU.Build.0 = Debug|Any CPU
		{33FFF9CF-C757-4496-941A-DDDCC69FA1C4}.Release|Any CPU.ActiveCfg = Release|Any CPU
		{33FFF9CF-C757-4496-941A-DDDCC69FA1C4}.Release|Any CPU.Build.0 = Release|Any CPU
		{1262BA03-AC21-4DE2-BC26-33BD59FDB7B3}.Debug|Any CPU.ActiveCfg = Debug|Any CPU
		{1262BA03-AC21-4DE2-BC26-33BD59FDB7B3}.Debug|Any CPU.Build.0 = Debug|Any CPU
		{1262BA03-AC21-4DE2-BC26-33BD59FDB7B3}.Release|Any CPU.ActiveCfg = Release|Any CPU
		{1262BA03-AC21-4DE2-BC26-33BD59FDB7B3}.Release|Any CPU.Build.0 = Release|Any CPU
		{B4724970-A0A6-4151-A8D6-A041F992C091}.Debug|Any CPU.ActiveCfg = Debug|Any CPU
		{B4724970-A0A6-4151-A8D6-A041F992C091}.Debug|Any CPU.Build.0 = Debug|Any CPU
		{B4724970-A0A6-4151-A8D6-A041F992C091}.Release|Any CPU.ActiveCfg = Release|Any CPU
		{B4724970-A0A6-4151-A8D6-A041F992C091}.Release|Any CPU.Build.0 = Release|Any CPU
		{D2F583A3-2599-4210-98B7-32DA0246BEFB}.Debug|Any CPU.ActiveCfg = Debug|Any CPU
		{D2F583A3-2599-4210-98B7-32DA0246BEFB}.Debug|Any CPU.Build.0 = Debug|Any CPU
		{D2F583A3-2599-4210-98B7-32DA0246BEFB}.Release|Any CPU.ActiveCfg = Release|Any CPU
		{D2F583A3-2599-4210-98B7-32DA0246BEFB}.Release|Any CPU.Build.0 = Release|Any CPU
		{11D48C2F-7158-48E6-B83D-5C98EBE17534}.Debug|Any CPU.ActiveCfg = Debug|Any CPU
		{11D48C2F-7158-48E6-B83D-5C98EBE17534}.Debug|Any CPU.Build.0 = Debug|Any CPU
		{11D48C2F-7158-48E6-B83D-5C98EBE17534}.Release|Any CPU.ActiveCfg = Release|Any CPU
		{11D48C2F-7158-48E6-B83D-5C98EBE17534}.Release|Any CPU.Build.0 = Release|Any CPU
		{AD68BC51-E571-4614-B160-F95F22A1E0A2}.Debug|Any CPU.ActiveCfg = Debug|Any CPU
		{AD68BC51-E571-4614-B160-F95F22A1E0A2}.Debug|Any CPU.Build.0 = Debug|Any CPU
		{AD68BC51-E571-4614-B160-F95F22A1E0A2}.Release|Any CPU.ActiveCfg = Release|Any CPU
		{AD68BC51-E571-4614-B160-F95F22A1E0A2}.Release|Any CPU.Build.0 = Release|Any CPU
	EndGlobalSection
	GlobalSection(SolutionProperties) = preSolution
		HideSolutionNode = FALSE
	EndGlobalSection
	GlobalSection(ExtensibilityGlobals) = postSolution
		SolutionGuid = {F8958095-AE7C-4A5B-B36A-CD035E95F4F0}
	EndGlobalSection
EndGlobal
